
Microsoft Visual Studio Solution File, Format Version 12.00
# Visual Studio Version 17
VisualStudioVersion = 17.13.35825.156 d17.13
MinimumVisualStudioVersion = 10.0.40219.1
Project("{FAE04EC0-301F-11D3-BF4B-00C04F79EFBC}") = "zad3-lab", "zad3-lab\zad3-lab.csproj", "{5BA66F31-3B83-4C0A-BF5C-99E7D7E0A436}"
EndProject
Project("{FAE04EC0-301F-11D3-BF4B-00C04F79EFBC}") = "Motoryzacja", "Motoryzacja\Motoryzacja.csproj", "{528E3FAA-7458-41D5-9F6C-F07F8ACBAC57}"
EndProject
Global
	GlobalSection(SolutionConfigurationPlatforms) = preSolution
		Debug|Any CPU = Debug|Any CPU
		Release|Any CPU = Release|Any CPU
	EndGlobalSection
	GlobalSection(ProjectConfigurationPlatforms) = postSolution
		{5BA66F31-3B83-4C0A-BF5C-99E7D7E0A436}.Debug|Any CPU.ActiveCfg = Debug|Any CPU
		{5BA66F31-3B83-4C0A-BF5C-99E7D7E0A436}.Debug|Any CPU.Build.0 = Debug|Any CPU
		{5BA66F31-3B83-4C0A-BF5C-99E7D7E0A436}.Release|Any CPU.ActiveCfg = Release|Any CPU
		{5BA66F31-3B83-4C0A-BF5C-99E7D7E0A436}.Release|Any CPU.Build.0 = Release|Any CPU
		{528E3FAA-7458-41D5-9F6C-F07F8ACBAC57}.Debug|Any CPU.ActiveCfg = Debug|Any CPU
		{528E3FAA-7458-41D5-9F6C-F07F8ACBAC57}.Debug|Any CPU.Build.0 = Debug|Any CPU
		{528E3FAA-7458-41D5-9F6C-F07F8ACBAC57}.Release|Any CPU.ActiveCfg = Release|Any CPU
		{528E3FAA-7458-41D5-9F6C-F07F8ACBAC57}.Release|Any CPU.Build.0 = Release|Any CPU
	EndGlobalSection
	GlobalSection(SolutionProperties) = preSolution
		HideSolutionNode = FALSE
	EndGlobalSection
	GlobalSection(ExtensibilityGlobals) = postSolution
		SolutionGuid = {73D4A9E3-7DEC-40B5-B76A-CAF0245F89B7}
	EndGlobalSection
EndGlobal
