
Microsoft Visual Studio Solution File, Format Version 12.00
# Visual Studio Version 17
VisualStudioVersion = 17.13.35825.156 d17.13
MinimumVisualStudioVersion = 10.0.40219.1
Project("{FAE04EC0-301F-11D3-BF4B-00C04F79EFBC}") = "zad1-2-jwp", "zad1-2-jwp\zad1-2-jwp.csproj", "{D81BBF56-02CB-4415-BB20-E7737D917F11}"
EndProject
Global
	GlobalSection(SolutionConfigurationPlatforms) = preSolution
		Debug|Any CPU = Debug|Any CPU
		Release|Any CPU = Release|Any CPU
	EndGlobalSection
	GlobalSection(ProjectConfigurationPlatforms) = postSolution
		{D81BBF56-02CB-4415-BB20-E7737D917F11}.Debug|Any CPU.ActiveCfg = Debug|Any CPU
		{D81BBF56-02CB-4415-BB20-E7737D917F11}.Debug|Any CPU.Build.0 = Debug|Any CPU
		{D81BBF56-02CB-4415-BB20-E7737D917F11}.Release|Any CPU.ActiveCfg = Release|Any CPU
		{D81BBF56-02CB-4415-BB20-E7737D917F11}.Release|Any CPU.Build.0 = Release|Any CPU
	EndGlobalSection
	GlobalSection(SolutionProperties) = preSolution
		HideSolutionNode = FALSE
	EndGlobalSection
	GlobalSection(ExtensibilityGlobals) = postSolution
		SolutionGuid = {2983D177-66C6-4730-8AAC-51F2F743F05F}
	EndGlobalSection
EndGlobal
