
Microsoft Visual Studio Solution File, Format Version 12.00
# Visual Studio Version 17
VisualStudioVersion = 17.9.34728.123
MinimumVisualStudioVersion = 10.0.40219.1
Project("{FAE04EC0-301F-11D3-BF4B-00C04F79EFBC}") = "lab6", "lab6.csproj", "{7E3878CF-646E-472E-9603-CBEB2C07D8E3}"
EndProject
Project("{FAE04EC0-301F-11D3-BF4B-00C04F79EFBC}") = "lab6-classes", "..\lab6-classes\lab6-classes.csproj", "{337970DB-6EDB-463E-86AE-4501DCAAF677}"
EndProject
Global
	GlobalSection(SolutionConfigurationPlatforms) = preSolution
		Debug|Any CPU = Debug|Any CPU
		Release|Any CPU = Release|Any CPU
	EndGlobalSection
	GlobalSection(ProjectConfigurationPlatforms) = postSolution
		{7E3878CF-646E-472E-9603-CBEB2C07D8E3}.Debug|Any CPU.ActiveCfg = Debug|Any CPU
		{7E3878CF-646E-472E-9603-CBEB2C07D8E3}.Debug|Any CPU.Build.0 = Debug|Any CPU
		{7E3878CF-646E-472E-9603-CBEB2C07D8E3}.Release|Any CPU.ActiveCfg = Release|Any CPU
		{7E3878CF-646E-472E-9603-CBEB2C07D8E3}.Release|Any CPU.Build.0 = Release|Any CPU
		{337970DB-6EDB-463E-86AE-4501DCAAF677}.Debug|Any CPU.ActiveCfg = Debug|Any CPU
		{337970DB-6EDB-463E-86AE-4501DCAAF677}.Debug|Any CPU.Build.0 = Debug|Any CPU
		{337970DB-6EDB-463E-86AE-4501DCAAF677}.Release|Any CPU.ActiveCfg = Release|Any CPU
		{337970DB-6EDB-463E-86AE-4501DCAAF677}.Release|Any CPU.Build.0 = Release|Any CPU
	EndGlobalSection
	GlobalSection(SolutionProperties) = preSolution
		HideSolutionNode = FALSE
	EndGlobalSection
	GlobalSection(ExtensibilityGlobals) = postSolution
		SolutionGuid = {BDD563E3-8830-4E17-B955-A8C8F0157A9D}
	EndGlobalSection
EndGlobal
